packages:
- local: ../../../jaffle_shop_online
- package: elementary-data/elementary
  version: 0.14.0
- package: dbt-labs/dbt_utils
  version: 1.0.0
- package: calogica/dbt_expectations
  version: 0.8.5
- package: dbt-labs/codegen
  version: 0.12.1
- package: calogica/dbt_date
  version: 0.7.2
sha1_hash: b3fb2e8a5c7c4c46f79965a5eb20012cf6668b4c
